// !$*UTF8*$!
{
	archiveVersion = 1;
	classes = {
	};
	objectVersion = 55;
	objects = {

/* Begin PBXBuildFile section */
		340DA83B28A102F300EB2443 /* NetworkTask.swift in Sources */ = {isa = PBXBuildFile; fileRef = 340DA83A28A102F300EB2443 /* NetworkTask.swift */; };
		340DA83F28A1060C00EB2443 /* BaseNetworkTask.swift in Sources */ = {isa = PBXBuildFile; fileRef = 340DA83E28A1060C00EB2443 /* BaseNetworkTask.swift */; };
		340DA84128A1072D00EB2443 /* NetworkMethod.swift in Sources */ = {isa = PBXBuildFile; fileRef = 340DA84028A1072D00EB2443 /* NetworkMethod.swift */; };
		340DA84428A1108400EB2443 /* AuthService.swift in Sources */ = {isa = PBXBuildFile; fileRef = 340DA84328A1108400EB2443 /* AuthService.swift */; };
		340DA84628A110C300EB2443 /* AuthRequestModel.swift in Sources */ = {isa = PBXBuildFile; fileRef = 340DA84528A110C300EB2443 /* AuthRequestModel.swift */; };
		340DA84828A1112A00EB2443 /* AuthResponseModel.swift in Sources */ = {isa = PBXBuildFile; fileRef = 340DA84728A1112A00EB2443 /* AuthResponseModel.swift */; };
		340DA84B28A1147400EB2443 /* PictureResponseModel.swift in Sources */ = {isa = PBXBuildFile; fileRef = 340DA84A28A1147400EB2443 /* PictureResponseModel.swift */; };
		340DA84D28A1148D00EB2443 /* EmptyModel.swift in Sources */ = {isa = PBXBuildFile; fileRef = 340DA84C28A1148D00EB2443 /* EmptyModel.swift */; };
		340DA84F28A1154F00EB2443 /* PicturesService.swift in Sources */ = {isa = PBXBuildFile; fileRef = 340DA84E28A1154F00EB2443 /* PicturesService.swift */; };
		340DA85228A115B400EB2443 /* TokenStorage.swift in Sources */ = {isa = PBXBuildFile; fileRef = 340DA85128A115B400EB2443 /* TokenStorage.swift */; };
		340DA85428A115CF00EB2443 /* TokenContainer.swift in Sources */ = {isa = PBXBuildFile; fileRef = 340DA85328A115CF00EB2443 /* TokenContainer.swift */; };
		340DA85628A115FD00EB2443 /* BaseTokenStorage.swift in Sources */ = {isa = PBXBuildFile; fileRef = 340DA85528A115FD00EB2443 /* BaseTokenStorage.swift */; };
		340DA85928A123C400EB2443 /* ImageLoader.swift in Sources */ = {isa = PBXBuildFile; fileRef = 340DA85828A123C400EB2443 /* ImageLoader.swift */; };
		340DA85B28A123D600EB2443 /* UIImageView+ImageLoader.swift in Sources */ = {isa = PBXBuildFile; fileRef = 340DA85A28A123D600EB2443 /* UIImageView+ImageLoader.swift */; };
		50F902A92899131C0083B46E /* AppDelegate.swift in Sources */ = {isa = PBXBuildFile; fileRef = 50F902A82899131C0083B46E /* AppDelegate.swift */; };
		50F902B22899131E0083B46E /* Assets.xcassets in Resources */ = {isa = PBXBuildFile; fileRef = 50F902B12899131E0083B46E /* Assets.xcassets */; };
		50F902B52899131E0083B46E /* LaunchScreen.storyboard in Resources */ = {isa = PBXBuildFile; fileRef = 50F902B32899131E0083B46E /* LaunchScreen.storyboard */; };
		50F902E1289A68980083B46E /* MainViewController.swift in Sources */ = {isa = PBXBuildFile; fileRef = 50F902DF289A68980083B46E /* MainViewController.swift */; };
		50F902E2289A68980083B46E /* MainViewController.xib in Resources */ = {isa = PBXBuildFile; fileRef = 50F902E0289A68980083B46E /* MainViewController.xib */; };
		50F902E5289A6A620083B46E /* ProfileViewController.swift in Sources */ = {isa = PBXBuildFile; fileRef = 50F902E3289A6A620083B46E /* ProfileViewController.swift */; };
		50F902E6289A6A620083B46E /* ProfileViewController.xib in Resources */ = {isa = PBXBuildFile; fileRef = 50F902E4289A6A620083B46E /* ProfileViewController.xib */; };
		50F902ED289A720F0083B46E /* FavoriteViewController.swift in Sources */ = {isa = PBXBuildFile; fileRef = 50F902EB289A720F0083B46E /* FavoriteViewController.swift */; };
		50F902EE289A720F0083B46E /* FavoriteViewController.xib in Resources */ = {isa = PBXBuildFile; fileRef = 50F902EC289A720F0083B46E /* FavoriteViewController.xib */; };
		50F902F2289A72B90083B46E /* TabBarModel.swift in Sources */ = {isa = PBXBuildFile; fileRef = 50F902F1289A72B90083B46E /* TabBarModel.swift */; };
		50F902F4289A74460083B46E /* TabBarConfigurator.swift in Sources */ = {isa = PBXBuildFile; fileRef = 50F902F3289A74460083B46E /* TabBarConfigurator.swift */; };
		761E9807289D1F1C005958C2 /* DetailTextTableViewCell.swift in Sources */ = {isa = PBXBuildFile; fileRef = 761E9805289D1F1C005958C2 /* DetailTextTableViewCell.swift */; };
		761E9808289D1F1C005958C2 /* DetailTextTableViewCell.xib in Resources */ = {isa = PBXBuildFile; fileRef = 761E9806289D1F1C005958C2 /* DetailTextTableViewCell.xib */; };
		761E980A289D2088005958C2 /* DetailItemModel.swift in Sources */ = {isa = PBXBuildFile; fileRef = 761E9809289D2088005958C2 /* DetailItemModel.swift */; };
		7637F1AB289BC16300F16F98 /* MainModel.swift in Sources */ = {isa = PBXBuildFile; fileRef = 7637F1AA289BC16300F16F98 /* MainModel.swift */; };
		7637F1AF289BC56E00F16F98 /* MainItemCollectionViewCell.swift in Sources */ = {isa = PBXBuildFile; fileRef = 7637F1AD289BC56E00F16F98 /* MainItemCollectionViewCell.swift */; };
		7637F1B0289BC56E00F16F98 /* MainItemCollectionViewCell.xib in Resources */ = {isa = PBXBuildFile; fileRef = 7637F1AE289BC56E00F16F98 /* MainItemCollectionViewCell.xib */; };
		76C18B74289D0E7200F301A1 /* DetailViewController.swift in Sources */ = {isa = PBXBuildFile; fileRef = 76C18B72289D0E7100F301A1 /* DetailViewController.swift */; };
		76C18B75289D0E7200F301A1 /* DetailViewController.xib in Resources */ = {isa = PBXBuildFile; fileRef = 76C18B73289D0E7100F301A1 /* DetailViewController.xib */; };
		76C18B7A289D1BBF00F301A1 /* DetailImageTableViewCell.swift in Sources */ = {isa = PBXBuildFile; fileRef = 76C18B78289D1BBF00F301A1 /* DetailImageTableViewCell.swift */; };
		76C18B7B289D1BBF00F301A1 /* DetailImageTableViewCell.xib in Resources */ = {isa = PBXBuildFile; fileRef = 76C18B79289D1BBF00F301A1 /* DetailImageTableViewCell.xib */; };
		76C18B7F289D1CDA00F301A1 /* DetailTitleTableViewCell.swift in Sources */ = {isa = PBXBuildFile; fileRef = 76C18B7D289D1CDA00F301A1 /* DetailTitleTableViewCell.swift */; };
		76C18B80289D1CDA00F301A1 /* DetailTitleTableViewCell.xib in Resources */ = {isa = PBXBuildFile; fileRef = 76C18B7E289D1CDA00F301A1 /* DetailTitleTableViewCell.xib */; };
/* End PBXBuildFile section */

/* Begin PBXFileReference section */
		340DA83A28A102F300EB2443 /* NetworkTask.swift */ = {isa = PBXFileReference; lastKnownFileType = sourcecode.swift; path = NetworkTask.swift; sourceTree = "<group>"; };
		340DA83E28A1060C00EB2443 /* BaseNetworkTask.swift */ = {isa = PBXFileReference; lastKnownFileType = sourcecode.swift; path = BaseNetworkTask.swift; sourceTree = "<group>"; };
		340DA84028A1072D00EB2443 /* NetworkMethod.swift */ = {isa = PBXFileReference; lastKnownFileType = sourcecode.swift; path = NetworkMethod.swift; sourceTree = "<group>"; };
		340DA84328A1108400EB2443 /* AuthService.swift */ = {isa = PBXFileReference; lastKnownFileType = sourcecode.swift; path = AuthService.swift; sourceTree = "<group>"; };
		340DA84528A110C300EB2443 /* AuthRequestModel.swift */ = {isa = PBXFileReference; lastKnownFileType = sourcecode.swift; path = AuthRequestModel.swift; sourceTree = "<group>"; };
		340DA84728A1112A00EB2443 /* AuthResponseModel.swift */ = {isa = PBXFileReference; lastKnownFileType = sourcecode.swift; path = AuthResponseModel.swift; sourceTree = "<group>"; };
		340DA84A28A1147400EB2443 /* PictureResponseModel.swift */ = {isa = PBXFileReference; lastKnownFileType = sourcecode.swift; path = PictureResponseModel.swift; sourceTree = "<group>"; };
		340DA84C28A1148D00EB2443 /* EmptyModel.swift */ = {isa = PBXFileReference; lastKnownFileType = sourcecode.swift; path = EmptyModel.swift; sourceTree = "<group>"; };
		340DA84E28A1154F00EB2443 /* PicturesService.swift */ = {isa = PBXFileReference; lastKnownFileType = sourcecode.swift; path = PicturesService.swift; sourceTree = "<group>"; };
		340DA85128A115B400EB2443 /* TokenStorage.swift */ = {isa = PBXFileReference; lastKnownFileType = sourcecode.swift; path = TokenStorage.swift; sourceTree = "<group>"; };
		340DA85328A115CF00EB2443 /* TokenContainer.swift */ = {isa = PBXFileReference; lastKnownFileType = sourcecode.swift; path = TokenContainer.swift; sourceTree = "<group>"; };
		340DA85528A115FD00EB2443 /* BaseTokenStorage.swift */ = {isa = PBXFileReference; lastKnownFileType = sourcecode.swift; path = BaseTokenStorage.swift; sourceTree = "<group>"; };
		340DA85828A123C400EB2443 /* ImageLoader.swift */ = {isa = PBXFileReference; lastKnownFileType = sourcecode.swift; path = ImageLoader.swift; sourceTree = "<group>"; };
		340DA85A28A123D600EB2443 /* UIImageView+ImageLoader.swift */ = {isa = PBXFileReference; lastKnownFileType = sourcecode.swift; path = "UIImageView+ImageLoader.swift"; sourceTree = "<group>"; };
		50F902A52899131C0083B46E /* SurfEducationProject.app */ = {isa = PBXFileReference; explicitFileType = wrapper.application; includeInIndex = 0; path = SurfEducationProject.app; sourceTree = BUILT_PRODUCTS_DIR; };
		50F902A82899131C0083B46E /* AppDelegate.swift */ = {isa = PBXFileReference; lastKnownFileType = sourcecode.swift; path = AppDelegate.swift; sourceTree = "<group>"; };
		50F902B12899131E0083B46E /* Assets.xcassets */ = {isa = PBXFileReference; lastKnownFileType = folder.assetcatalog; path = Assets.xcassets; sourceTree = "<group>"; };
		50F902B42899131E0083B46E /* Base */ = {isa = PBXFileReference; lastKnownFileType = file.storyboard; name = Base; path = Base.lproj/LaunchScreen.storyboard; sourceTree = "<group>"; };
		50F902B62899131E0083B46E /* Info.plist */ = {isa = PBXFileReference; lastKnownFileType = text.plist.xml; path = Info.plist; sourceTree = "<group>"; };
		50F902DF289A68980083B46E /* MainViewController.swift */ = {isa = PBXFileReference; lastKnownFileType = sourcecode.swift; path = MainViewController.swift; sourceTree = "<group>"; };
		50F902E0289A68980083B46E /* MainViewController.xib */ = {isa = PBXFileReference; lastKnownFileType = file.xib; path = MainViewController.xib; sourceTree = "<group>"; };
		50F902E3289A6A620083B46E /* ProfileViewController.swift */ = {isa = PBXFileReference; lastKnownFileType = sourcecode.swift; path = ProfileViewController.swift; sourceTree = "<group>"; };
		50F902E4289A6A620083B46E /* ProfileViewController.xib */ = {isa = PBXFileReference; lastKnownFileType = file.xib; path = ProfileViewController.xib; sourceTree = "<group>"; };
		50F902EB289A720F0083B46E /* FavoriteViewController.swift */ = {isa = PBXFileReference; lastKnownFileType = sourcecode.swift; path = FavoriteViewController.swift; sourceTree = "<group>"; };
		50F902EC289A720F0083B46E /* FavoriteViewController.xib */ = {isa = PBXFileReference; lastKnownFileType = file.xib; path = FavoriteViewController.xib; sourceTree = "<group>"; };
		50F902F1289A72B90083B46E /* TabBarModel.swift */ = {isa = PBXFileReference; lastKnownFileType = sourcecode.swift; path = TabBarModel.swift; sourceTree = "<group>"; };
		50F902F3289A74460083B46E /* TabBarConfigurator.swift */ = {isa = PBXFileReference; lastKnownFileType = sourcecode.swift; path = TabBarConfigurator.swift; sourceTree = "<group>"; };
		761E9805289D1F1C005958C2 /* DetailTextTableViewCell.swift */ = {isa = PBXFileReference; lastKnownFileType = sourcecode.swift; path = DetailTextTableViewCell.swift; sourceTree = "<group>"; };
		761E9806289D1F1C005958C2 /* DetailTextTableViewCell.xib */ = {isa = PBXFileReference; lastKnownFileType = file.xib; path = DetailTextTableViewCell.xib; sourceTree = "<group>"; };
		761E9809289D2088005958C2 /* DetailItemModel.swift */ = {isa = PBXFileReference; lastKnownFileType = sourcecode.swift; path = DetailItemModel.swift; sourceTree = "<group>"; };
		7637F1AA289BC16300F16F98 /* MainModel.swift */ = {isa = PBXFileReference; lastKnownFileType = sourcecode.swift; path = MainModel.swift; sourceTree = "<group>"; };
		7637F1AD289BC56E00F16F98 /* MainItemCollectionViewCell.swift */ = {isa = PBXFileReference; lastKnownFileType = sourcecode.swift; path = MainItemCollectionViewCell.swift; sourceTree = "<group>"; };
		7637F1AE289BC56E00F16F98 /* MainItemCollectionViewCell.xib */ = {isa = PBXFileReference; lastKnownFileType = file.xib; path = MainItemCollectionViewCell.xib; sourceTree = "<group>"; };
		76C18B72289D0E7100F301A1 /* DetailViewController.swift */ = {isa = PBXFileReference; lastKnownFileType = sourcecode.swift; path = DetailViewController.swift; sourceTree = "<group>"; };
		76C18B73289D0E7100F301A1 /* DetailViewController.xib */ = {isa = PBXFileReference; lastKnownFileType = file.xib; path = DetailViewController.xib; sourceTree = "<group>"; };
		76C18B78289D1BBF00F301A1 /* DetailImageTableViewCell.swift */ = {isa = PBXFileReference; lastKnownFileType = sourcecode.swift; path = DetailImageTableViewCell.swift; sourceTree = "<group>"; };
		76C18B79289D1BBF00F301A1 /* DetailImageTableViewCell.xib */ = {isa = PBXFileReference; lastKnownFileType = file.xib; path = DetailImageTableViewCell.xib; sourceTree = "<group>"; };
		76C18B7D289D1CDA00F301A1 /* DetailTitleTableViewCell.swift */ = {isa = PBXFileReference; lastKnownFileType = sourcecode.swift; path = DetailTitleTableViewCell.swift; sourceTree = "<group>"; };
		76C18B7E289D1CDA00F301A1 /* DetailTitleTableViewCell.xib */ = {isa = PBXFileReference; lastKnownFileType = file.xib; path = DetailTitleTableViewCell.xib; sourceTree = "<group>"; };
/* End PBXFileReference section */

/* Begin PBXFrameworksBuildPhase section */
		50F902A22899131C0083B46E /* Frameworks */ = {
			isa = PBXFrameworksBuildPhase;
			buildActionMask = 2147483647;
			files = (
			);
			runOnlyForDeploymentPostprocessing = 0;
		};
/* End PBXFrameworksBuildPhase section */

/* Begin PBXGroup section */
		340DA83728A102D900EB2443 /* Services */ = {
			isa = PBXGroup;
			children = (
				340DA85028A115AA00EB2443 /* Storage */,
				340DA83828A102E100EB2443 /* Networking */,
			);
			path = Services;
			sourceTree = "<group>";
		};
		340DA83828A102E100EB2443 /* Networking */ = {
			isa = PBXGroup;
			children = (
				340DA85728A123B700EB2443 /* ImageLoader */,
				340DA84928A1145E00EB2443 /* PicturesService */,
				340DA84228A1107300EB2443 /* AuthService */,
				340DA83928A102E700EB2443 /* Core */,
			);
			path = Networking;
			sourceTree = "<group>";
		};
		340DA83928A102E700EB2443 /* Core */ = {
			isa = PBXGroup;
			children = (
				340DA83A28A102F300EB2443 /* NetworkTask.swift */,
				340DA84028A1072D00EB2443 /* NetworkMethod.swift */,
				340DA83E28A1060C00EB2443 /* BaseNetworkTask.swift */,
				340DA84C28A1148D00EB2443 /* EmptyModel.swift */,
			);
			path = Core;
			sourceTree = "<group>";
		};
		340DA84228A1107300EB2443 /* AuthService */ = {
			isa = PBXGroup;
			children = (
				340DA84328A1108400EB2443 /* AuthService.swift */,
				340DA84728A1112A00EB2443 /* AuthResponseModel.swift */,
				340DA84528A110C300EB2443 /* AuthRequestModel.swift */,
			);
			path = AuthService;
			sourceTree = "<group>";
		};
		340DA84928A1145E00EB2443 /* PicturesService */ = {
			isa = PBXGroup;
			children = (
				340DA84A28A1147400EB2443 /* PictureResponseModel.swift */,
				340DA84E28A1154F00EB2443 /* PicturesService.swift */,
			);
			path = PicturesService;
			sourceTree = "<group>";
		};
		340DA85028A115AA00EB2443 /* Storage */ = {
			isa = PBXGroup;
			children = (
				340DA85128A115B400EB2443 /* TokenStorage.swift */,
				340DA85328A115CF00EB2443 /* TokenContainer.swift */,
				340DA85528A115FD00EB2443 /* BaseTokenStorage.swift */,
			);
			path = Storage;
			sourceTree = "<group>";
		};
		340DA85728A123B700EB2443 /* ImageLoader */ = {
			isa = PBXGroup;
			children = (
				340DA85828A123C400EB2443 /* ImageLoader.swift */,
				340DA85A28A123D600EB2443 /* UIImageView+ImageLoader.swift */,
			);
			path = ImageLoader;
			sourceTree = "<group>";
		};
		347757E728A24B8F007574AC /* View */ = {
			isa = PBXGroup;
			children = (
				50F902DF289A68980083B46E /* MainViewController.swift */,
				50F902E0289A68980083B46E /* MainViewController.xib */,
			);
			path = View;
			sourceTree = "<group>";
		};
		347757E828A24B9E007574AC /* Model */ = {
			isa = PBXGroup;
			children = (
				347757E928A24BC7007574AC /* DTO */,
				7637F1AA289BC16300F16F98 /* MainModel.swift */,
			);
			path = Model;
			sourceTree = "<group>";
		};
		347757E928A24BC7007574AC /* DTO */ = {
			isa = PBXGroup;
			children = (
				761E9809289D2088005958C2 /* DetailItemModel.swift */,
			);
			path = DTO;
			sourceTree = "<group>";
		};
		50F9029C2899131C0083B46E = {
			isa = PBXGroup;
			children = (
				50F902A72899131C0083B46E /* SurfEducationProject */,
				50F902A62899131C0083B46E /* Products */,
			);
			sourceTree = "<group>";
		};
		50F902A62899131C0083B46E /* Products */ = {
			isa = PBXGroup;
			children = (
				50F902A52899131C0083B46E /* SurfEducationProject.app */,
			);
			name = Products;
			sourceTree = "<group>";
		};
		50F902A72899131C0083B46E /* SurfEducationProject */ = {
			isa = PBXGroup;
			children = (
				340DA83728A102D900EB2443 /* Services */,
				50F902A82899131C0083B46E /* AppDelegate.swift */,
				50F902EF289A724B0083B46E /* Application */,
				50F902E7289A719A0083B46E /* MainFlow */,
			);
			path = SurfEducationProject;
			sourceTree = "<group>";
		};
		50F902E7289A719A0083B46E /* MainFlow */ = {
			isa = PBXGroup;
			children = (
				76C18B71289D0E5700F301A1 /* DetailModule */,
				50F902F0289A726E0083B46E /* TabBar */,
				50F902EA289A71EF0083B46E /* FavoriteModule */,
				50F902E9289A71CF0083B46E /* ProfileModule */,
				50F902E8289A71A60083B46E /* MainModule */,
			);
			path = MainFlow;
			sourceTree = "<group>";
		};
		50F902E8289A71A60083B46E /* MainModule */ = {
			isa = PBXGroup;
			children = (
				347757E828A24B9E007574AC /* Model */,
				347757E728A24B8F007574AC /* View */,
				7637F1AC289BC55600F16F98 /* Cells */,
			);
			path = MainModule;
			sourceTree = "<group>";
		};
		50F902E9289A71CF0083B46E /* ProfileModule */ = {
			isa = PBXGroup;
			children = (
				50F902E3289A6A620083B46E /* ProfileViewController.swift */,
				50F902E4289A6A620083B46E /* ProfileViewController.xib */,
			);
			path = ProfileModule;
			sourceTree = "<group>";
		};
		50F902EA289A71EF0083B46E /* FavoriteModule */ = {
			isa = PBXGroup;
			children = (
				50F902EB289A720F0083B46E /* FavoriteViewController.swift */,
				50F902EC289A720F0083B46E /* FavoriteViewController.xib */,
			);
			path = FavoriteModule;
			sourceTree = "<group>";
		};
		50F902EF289A724B0083B46E /* Application */ = {
			isa = PBXGroup;
			children = (
				50F902B62899131E0083B46E /* Info.plist */,
				50F902B12899131E0083B46E /* Assets.xcassets */,
				50F902B32899131E0083B46E /* LaunchScreen.storyboard */,
			);
			path = Application;
			sourceTree = "<group>";
		};
		50F902F0289A726E0083B46E /* TabBar */ = {
			isa = PBXGroup;
			children = (
				50F902F1289A72B90083B46E /* TabBarModel.swift */,
				50F902F3289A74460083B46E /* TabBarConfigurator.swift */,
			);
			path = TabBar;
			sourceTree = "<group>";
		};
		7637F1AC289BC55600F16F98 /* Cells */ = {
			isa = PBXGroup;
			children = (
				7637F1AD289BC56E00F16F98 /* MainItemCollectionViewCell.swift */,
				7637F1AE289BC56E00F16F98 /* MainItemCollectionViewCell.xib */,
			);
			path = Cells;
			sourceTree = "<group>";
		};
		76C18B71289D0E5700F301A1 /* DetailModule */ = {
			isa = PBXGroup;
			children = (
				76C18B76289D1B8F00F301A1 /* Cells */,
				76C18B72289D0E7100F301A1 /* DetailViewController.swift */,
				76C18B73289D0E7100F301A1 /* DetailViewController.xib */,
			);
			path = DetailModule;
			sourceTree = "<group>";
		};
		76C18B76289D1B8F00F301A1 /* Cells */ = {
			isa = PBXGroup;
			children = (
				76C18B85289D1E3B00F301A1 /* TextCell */,
				76C18B7C289D1CC800F301A1 /* TitleCell */,
				76C18B77289D1B9600F301A1 /* ImageCell */,
			);
			path = Cells;
			sourceTree = "<group>";
		};
		76C18B77289D1B9600F301A1 /* ImageCell */ = {
			isa = PBXGroup;
			children = (
				76C18B78289D1BBF00F301A1 /* DetailImageTableViewCell.swift */,
				76C18B79289D1BBF00F301A1 /* DetailImageTableViewCell.xib */,
			);
			path = ImageCell;
			sourceTree = "<group>";
		};
		76C18B7C289D1CC800F301A1 /* TitleCell */ = {
			isa = PBXGroup;
			children = (
				76C18B7D289D1CDA00F301A1 /* DetailTitleTableViewCell.swift */,
				76C18B7E289D1CDA00F301A1 /* DetailTitleTableViewCell.xib */,
			);
			path = TitleCell;
			sourceTree = "<group>";
		};
		76C18B85289D1E3B00F301A1 /* TextCell */ = {
			isa = PBXGroup;
			children = (
				761E9805289D1F1C005958C2 /* DetailTextTableViewCell.swift */,
				761E9806289D1F1C005958C2 /* DetailTextTableViewCell.xib */,
			);
			path = TextCell;
			sourceTree = "<group>";
		};
/* End PBXGroup section */

/* Begin PBXNativeTarget section */
		50F902A42899131C0083B46E /* SurfEducationProject */ = {
			isa = PBXNativeTarget;
			buildConfigurationList = 50F902B92899131E0083B46E /* Build configuration list for PBXNativeTarget "SurfEducationProject" */;
			buildPhases = (
				50F902A12899131C0083B46E /* Sources */,
				50F902A22899131C0083B46E /* Frameworks */,
				50F902A32899131C0083B46E /* Resources */,
			);
			buildRules = (
			);
			dependencies = (
			);
			name = SurfEducationProject;
			productName = SurfEducationProject;
			productReference = 50F902A52899131C0083B46E /* SurfEducationProject.app */;
			productType = "com.apple.product-type.application";
		};
/* End PBXNativeTarget section */

/* Begin PBXProject section */
		50F9029D2899131C0083B46E /* Project object */ = {
			isa = PBXProject;
			attributes = {
				BuildIndependentTargetsInParallel = 1;
				LastSwiftUpdateCheck = 1330;
				LastUpgradeCheck = 1330;
				TargetAttributes = {
					50F902A42899131C0083B46E = {
						CreatedOnToolsVersion = 13.3.1;
					};
				};
			};
			buildConfigurationList = 50F902A02899131C0083B46E /* Build configuration list for PBXProject "SurfEducationProject" */;
			compatibilityVersion = "Xcode 13.0";
			developmentRegion = en;
			hasScannedForEncodings = 0;
			knownRegions = (
				en,
				Base,
			);
			mainGroup = 50F9029C2899131C0083B46E;
			productRefGroup = 50F902A62899131C0083B46E /* Products */;
			projectDirPath = "";
			projectRoot = "";
			targets = (
				50F902A42899131C0083B46E /* SurfEducationProject */,
			);
		};
/* End PBXProject section */

/* Begin PBXResourcesBuildPhase section */
		50F902A32899131C0083B46E /* Resources */ = {
			isa = PBXResourcesBuildPhase;
			buildActionMask = 2147483647;
			files = (
				50F902B52899131E0083B46E /* LaunchScreen.storyboard in Resources */,
				50F902B22899131E0083B46E /* Assets.xcassets in Resources */,
				76C18B75289D0E7200F301A1 /* DetailViewController.xib in Resources */,
				761E9808289D1F1C005958C2 /* DetailTextTableViewCell.xib in Resources */,
				7637F1B0289BC56E00F16F98 /* MainItemCollectionViewCell.xib in Resources */,
				50F902EE289A720F0083B46E /* FavoriteViewController.xib in Resources */,
				76C18B80289D1CDA00F301A1 /* DetailTitleTableViewCell.xib in Resources */,
				50F902E6289A6A620083B46E /* ProfileViewController.xib in Resources */,
				76C18B7B289D1BBF00F301A1 /* DetailImageTableViewCell.xib in Resources */,
				50F902E2289A68980083B46E /* MainViewController.xib in Resources */,
			);
			runOnlyForDeploymentPostprocessing = 0;
		};
/* End PBXResourcesBuildPhase section */

/* Begin PBXSourcesBuildPhase section */
		50F902A12899131C0083B46E /* Sources */ = {
			isa = PBXSourcesBuildPhase;
			buildActionMask = 2147483647;
			files = (
				76C18B74289D0E7200F301A1 /* DetailViewController.swift in Sources */,
				50F902E1289A68980083B46E /* MainViewController.swift in Sources */,
				50F902E5289A6A620083B46E /* ProfileViewController.swift in Sources */,
				761E9807289D1F1C005958C2 /* DetailTextTableViewCell.swift in Sources */,
				76C18B7F289D1CDA00F301A1 /* DetailTitleTableViewCell.swift in Sources */,
				340DA84D28A1148D00EB2443 /* EmptyModel.swift in Sources */,
				50F902A92899131C0083B46E /* AppDelegate.swift in Sources */,
				761E980A289D2088005958C2 /* DetailItemModel.swift in Sources */,
				340DA83F28A1060C00EB2443 /* BaseNetworkTask.swift in Sources */,
				340DA84828A1112A00EB2443 /* AuthResponseModel.swift in Sources */,
				340DA85628A115FD00EB2443 /* BaseTokenStorage.swift in Sources */,
				7637F1AB289BC16300F16F98 /* MainModel.swift in Sources */,
				340DA85928A123C400EB2443 /* ImageLoader.swift in Sources */,
				340DA85428A115CF00EB2443 /* TokenContainer.swift in Sources */,
				340DA85B28A123D600EB2443 /* UIImageView+ImageLoader.swift in Sources */,
				340DA85228A115B400EB2443 /* TokenStorage.swift in Sources */,
				340DA84B28A1147400EB2443 /* PictureResponseModel.swift in Sources */,
				340DA84F28A1154F00EB2443 /* PicturesService.swift in Sources */,
				7637F1AF289BC56E00F16F98 /* MainItemCollectionViewCell.swift in Sources */,
				340DA83B28A102F300EB2443 /* NetworkTask.swift in Sources */,
				50F902ED289A720F0083B46E /* FavoriteViewController.swift in Sources */,
				340DA84128A1072D00EB2443 /* NetworkMethod.swift in Sources */,
				50F902F4289A74460083B46E /* TabBarConfigurator.swift in Sources */,
				340DA84428A1108400EB2443 /* AuthService.swift in Sources */,
				340DA84628A110C300EB2443 /* AuthRequestModel.swift in Sources */,
				76C18B7A289D1BBF00F301A1 /* DetailImageTableViewCell.swift in Sources */,
				50F902F2289A72B90083B46E /* TabBarModel.swift in Sources */,
			);
			runOnlyForDeploymentPostprocessing = 0;
		};
/* End PBXSourcesBuildPhase section */

/* Begin PBXVariantGroup section */
		50F902B32899131E0083B46E /* LaunchScreen.storyboard */ = {
			isa = PBXVariantGroup;
			children = (
				50F902B42899131E0083B46E /* Base */,
			);
			name = LaunchScreen.storyboard;
			sourceTree = "<group>";
		};
/* End PBXVariantGroup section */

/* Begin XCBuildConfiguration section */
		50F902B72899131E0083B46E /* Debug */ = {
			isa = XCBuildConfiguration;
			buildSettings = {
				ALWAYS_SEARCH_USER_PATHS = NO;
				CLANG_ANALYZER_NONNULL = YES;
				CLANG_ANALYZER_NUMBER_OBJECT_CONVERSION = YES_AGGRESSIVE;
				CLANG_CXX_LANGUAGE_STANDARD = "gnu++17";
				CLANG_ENABLE_MODULES = YES;
				CLANG_ENABLE_OBJC_ARC = YES;
				CLANG_ENABLE_OBJC_WEAK = YES;
				CLANG_WARN_BLOCK_CAPTURE_AUTORELEASING = YES;
				CLANG_WARN_BOOL_CONVERSION = YES;
				CLANG_WARN_COMMA = YES;
				CLANG_WARN_CONSTANT_CONVERSION = YES;
				CLANG_WARN_DEPRECATED_OBJC_IMPLEMENTATIONS = YES;
				CLANG_WARN_DIRECT_OBJC_ISA_USAGE = YES_ERROR;
				CLANG_WARN_DOCUMENTATION_COMMENTS = YES;
				CLANG_WARN_EMPTY_BODY = YES;
				CLANG_WARN_ENUM_CONVERSION = YES;
				CLANG_WARN_INFINITE_RECURSION = YES;
				CLANG_WARN_INT_CONVERSION = YES;
				CLANG_WARN_NON_LITERAL_NULL_CONVERSION = YES;
				CLANG_WARN_OBJC_IMPLICIT_RETAIN_SELF = YES;
				CLANG_WARN_OBJC_LITERAL_CONVERSION = YES;
				CLANG_WARN_OBJC_ROOT_CLASS = YES_ERROR;
				CLANG_WARN_QUOTED_INCLUDE_IN_FRAMEWORK_HEADER = YES;
				CLANG_WARN_RANGE_LOOP_ANALYSIS = YES;
				CLANG_WARN_STRICT_PROTOTYPES = YES;
				CLANG_WARN_SUSPICIOUS_MOVE = YES;
				CLANG_WARN_UNGUARDED_AVAILABILITY = YES_AGGRESSIVE;
				CLANG_WARN_UNREACHABLE_CODE = YES;
				CLANG_WARN__DUPLICATE_METHOD_MATCH = YES;
				COPY_PHASE_STRIP = NO;
				DEBUG_INFORMATION_FORMAT = dwarf;
				ENABLE_STRICT_OBJC_MSGSEND = YES;
				ENABLE_TESTABILITY = YES;
				GCC_C_LANGUAGE_STANDARD = gnu11;
				GCC_DYNAMIC_NO_PIC = NO;
				GCC_NO_COMMON_BLOCKS = YES;
				GCC_OPTIMIZATION_LEVEL = 0;
				GCC_PREPROCESSOR_DEFINITIONS = (
					"DEBUG=1",
					"$(inherited)",
				);
				GCC_WARN_64_TO_32_BIT_CONVERSION = YES;
				GCC_WARN_ABOUT_RETURN_TYPE = YES_ERROR;
				GCC_WARN_UNDECLARED_SELECTOR = YES;
				GCC_WARN_UNINITIALIZED_AUTOS = YES_AGGRESSIVE;
				GCC_WARN_UNUSED_FUNCTION = YES;
				GCC_WARN_UNUSED_VARIABLE = YES;
				IPHONEOS_DEPLOYMENT_TARGET = 15.4;
				MTL_ENABLE_DEBUG_INFO = INCLUDE_SOURCE;
				MTL_FAST_MATH = YES;
				ONLY_ACTIVE_ARCH = YES;
				SDKROOT = iphoneos;
				SWIFT_ACTIVE_COMPILATION_CONDITIONS = DEBUG;
				SWIFT_OPTIMIZATION_LEVEL = "-Onone";
			};
			name = Debug;
		};
		50F902B82899131E0083B46E /* Release */ = {
			isa = XCBuildConfiguration;
			buildSettings = {
				ALWAYS_SEARCH_USER_PATHS = NO;
				CLANG_ANALYZER_NONNULL = YES;
				CLANG_ANALYZER_NUMBER_OBJECT_CONVERSION = YES_AGGRESSIVE;
				CLANG_CXX_LANGUAGE_STANDARD = "gnu++17";
				CLANG_ENABLE_MODULES = YES;
				CLANG_ENABLE_OBJC_ARC = YES;
				CLANG_ENABLE_OBJC_WEAK = YES;
				CLANG_WARN_BLOCK_CAPTURE_AUTORELEASING = YES;
				CLANG_WARN_BOOL_CONVERSION = YES;
				CLANG_WARN_COMMA = YES;
				CLANG_WARN_CONSTANT_CONVERSION = YES;
				CLANG_WARN_DEPRECATED_OBJC_IMPLEMENTATIONS = YES;
				CLANG_WARN_DIRECT_OBJC_ISA_USAGE = YES_ERROR;
				CLANG_WARN_DOCUMENTATION_COMMENTS = YES;
				CLANG_WARN_EMPTY_BODY = YES;
				CLANG_WARN_ENUM_CONVERSION = YES;
				CLANG_WARN_INFINITE_RECURSION = YES;
				CLANG_WARN_INT_CONVERSION = YES;
				CLANG_WARN_NON_LITERAL_NULL_CONVERSION = YES;
				CLANG_WARN_OBJC_IMPLICIT_RETAIN_SELF = YES;
				CLANG_WARN_OBJC_LITERAL_CONVERSION = YES;
				CLANG_WARN_OBJC_ROOT_CLASS = YES_ERROR;
				CLANG_WARN_QUOTED_INCLUDE_IN_FRAMEWORK_HEADER = YES;
				CLANG_WARN_RANGE_LOOP_ANALYSIS = YES;
				CLANG_WARN_STRICT_PROTOTYPES = YES;
				CLANG_WARN_SUSPICIOUS_MOVE = YES;
				CLANG_WARN_UNGUARDED_AVAILABILITY = YES_AGGRESSIVE;
				CLANG_WARN_UNREACHABLE_CODE = YES;
				CLANG_WARN__DUPLICATE_METHOD_MATCH = YES;
				COPY_PHASE_STRIP = NO;
				DEBUG_INFORMATION_FORMAT = "dwarf-with-dsym";
				ENABLE_NS_ASSERTIONS = NO;
				ENABLE_STRICT_OBJC_MSGSEND = YES;
				GCC_C_LANGUAGE_STANDARD = gnu11;
				GCC_NO_COMMON_BLOCKS = YES;
				GCC_WARN_64_TO_32_BIT_CONVERSION = YES;
				GCC_WARN_ABOUT_RETURN_TYPE = YES_ERROR;
				GCC_WARN_UNDECLARED_SELECTOR = YES;
				GCC_WARN_UNINITIALIZED_AUTOS = YES_AGGRESSIVE;
				GCC_WARN_UNUSED_FUNCTION = YES;
				GCC_WARN_UNUSED_VARIABLE = YES;
				IPHONEOS_DEPLOYMENT_TARGET = 15.4;
				MTL_ENABLE_DEBUG_INFO = NO;
				MTL_FAST_MATH = YES;
				SDKROOT = iphoneos;
				SWIFT_COMPILATION_MODE = wholemodule;
				SWIFT_OPTIMIZATION_LEVEL = "-O";
				VALIDATE_PRODUCT = YES;
			};
			name = Release;
		};
		50F902BA2899131E0083B46E /* Debug */ = {
			isa = XCBuildConfiguration;
			buildSettings = {
				ASSETCATALOG_COMPILER_APPICON_NAME = AppIcon;
				ASSETCATALOG_COMPILER_GLOBAL_ACCENT_COLOR_NAME = AccentColor;
				CODE_SIGN_STYLE = Automatic;
				CURRENT_PROJECT_VERSION = 1;
				GENERATE_INFOPLIST_FILE = YES;
				INFOPLIST_FILE = SurfEducationProject/Application/Info.plist;
				INFOPLIST_KEY_UIApplicationSupportsIndirectInputEvents = YES;
				INFOPLIST_KEY_UILaunchStoryboardName = LaunchScreen;
				INFOPLIST_KEY_UISupportedInterfaceOrientations_iPad = "UIInterfaceOrientationPortrait UIInterfaceOrientationPortraitUpsideDown UIInterfaceOrientationLandscapeLeft UIInterfaceOrientationLandscapeRight";
				INFOPLIST_KEY_UISupportedInterfaceOrientations_iPhone = "UIInterfaceOrientationPortrait UIInterfaceOrientationLandscapeLeft UIInterfaceOrientationLandscapeRight";
				LD_RUNPATH_SEARCH_PATHS = (
					"$(inherited)",
					"@executable_path/Frameworks",
				);
				MARKETING_VERSION = 1.0;
				PRODUCT_BUNDLE_IDENTIFIER = malygin.SurfEducationProject;
				PRODUCT_NAME = "$(TARGET_NAME)";
				SWIFT_EMIT_LOC_STRINGS = YES;
				SWIFT_VERSION = 5.0;
				TARGETED_DEVICE_FAMILY = "1,2";
			};
			name = Debug;
		};
		50F902BB2899131E0083B46E /* Release */ = {
			isa = XCBuildConfiguration;
			buildSettings = {
				ASSETCATALOG_COMPILER_APPICON_NAME = AppIcon;
				ASSETCATALOG_COMPILER_GLOBAL_ACCENT_COLOR_NAME = AccentColor;
				CODE_SIGN_STYLE = Automatic;
				CURRENT_PROJECT_VERSION = 1;
				GENERATE_INFOPLIST_FILE = YES;
				INFOPLIST_FILE = SurfEducationProject/Application/Info.plist;
				INFOPLIST_KEY_UIApplicationSupportsIndirectInputEvents = YES;
				INFOPLIST_KEY_UILaunchStoryboardName = LaunchScreen;
				INFOPLIST_KEY_UISupportedInterfaceOrientations_iPad = "UIInterfaceOrientationPortrait UIInterfaceOrientationPortraitUpsideDown UIInterfaceOrientationLandscapeLeft UIInterfaceOrientationLandscapeRight";
				INFOPLIST_KEY_UISupportedInterfaceOrientations_iPhone = "UIInterfaceOrientationPortrait UIInterfaceOrientationLandscapeLeft UIInterfaceOrientationLandscapeRight";
				LD_RUNPATH_SEARCH_PATHS = (
					"$(inherited)",
					"@executable_path/Frameworks",
				);
				MARKETING_VERSION = 1.0;
				PRODUCT_BUNDLE_IDENTIFIER = malygin.SurfEducationProject;
				PRODUCT_NAME = "$(TARGET_NAME)";
				SWIFT_EMIT_LOC_STRINGS = YES;
				SWIFT_VERSION = 5.0;
				TARGETED_DEVICE_FAMILY = "1,2";
			};
			name = Release;
		};
/* End XCBuildConfiguration section */

/* Begin XCConfigurationList section */
		50F902A02899131C0083B46E /* Build configuration list for PBXProject "SurfEducationProject" */ = {
			isa = XCConfigurationList;
			buildConfigurations = (
				50F902B72899131E0083B46E /* Debug */,
				50F902B82899131E0083B46E /* Release */,
			);
			defaultConfigurationIsVisible = 0;
			defaultConfigurationName = Release;
		};
		50F902B92899131E0083B46E /* Build configuration list for PBXNativeTarget "SurfEducationProject" */ = {
			isa = XCConfigurationList;
			buildConfigurations = (
				50F902BA2899131E0083B46E /* Debug */,
				50F902BB2899131E0083B46E /* Release */,
			);
			defaultConfigurationIsVisible = 0;
			defaultConfigurationName = Release;
		};
/* End XCConfigurationList section */
	};
	rootObject = 50F9029D2899131C0083B46E /* Project object */;
}
